
Microsoft Visual Studio Solution File, Format Version 12.00
# Visual Studio Version 17
VisualStudioVersion = 17.12.35521.163 d17.12
MinimumVisualStudioVersion = 10.0.40219.1
Project("{FAE04EC0-301F-11D3-BF4B-00C04F79EFBC}") = "ApiGetway", "ApiGetway\ApiGetway.csproj", "{A4FCBF35-52CE-4D71-95CE-699910BCE05B}"
EndProject
Project("{2150E333-8FDC-42A3-9474-1A3956D46DE8}") = "Services", "Services", "{94E2478D-0857-4139-B284-3BF30AD1E2D8}"
EndProject
Project("{FAE04EC0-301F-11D3-BF4B-00C04F79EFBC}") = "Contact.API", "Services\ContactAPI\Contact.API\Contact.API.csproj", "{19FE5ED9-2D4C-4D52-B4EC-2C78ED4D0008}"
EndProject
Project("{FAE04EC0-301F-11D3-BF4B-00C04F79EFBC}") = "Rezervation.API", "Services\RestAPI\Rezervation.API\Rezervation.API.csproj", "{69B216C3-A50A-4F4D-9BCC-37B092FE8F39}"
EndProject
Project("{2150E333-8FDC-42A3-9474-1A3956D46DE8}") = "ContactAPI", "ContactAPI", "{A949F85C-CD23-444C-90A2-5178D7CB8694}"
EndProject
Project("{2150E333-8FDC-42A3-9474-1A3956D46DE8}") = "RezervationAPI", "RezervationAPI", "{C8471F90-68C6-4B2C-B066-63ADE9218BD8}"
EndProject
Project("{FAE04EC0-301F-11D3-BF4B-00C04F79EFBC}") = "Contact.API.Infrastructure", "Services\ContactAPI\Contact.API.Infrastructure\Contact.API.Infrastructure.csproj", "{FDE2DCC2-9E37-44A0-AD31-9FBBADD0F3B4}"
EndProject
Project("{FAE04EC0-301F-11D3-BF4B-00C04F79EFBC}") = "Contact.API.Models", "Services\ContactAPI\Contact.API.Models\Contact.API.Models.csproj", "{D9AE1DE4-A3B5-49C9-80BA-80B2F1C33061}"
EndProject
Project("{FAE04EC0-301F-11D3-BF4B-00C04F79EFBC}") = "Contact.API.Services", "Services\ContactAPI\Contact.API.Services\Contact.API.Services.csproj", "{8CA4D8AC-35C9-442D-8A38-A302EA0414F8}"
EndProject
Project("{FAE04EC0-301F-11D3-BF4B-00C04F79EFBC}") = "Rezervation.API.Infrastructure", "Services\RestAPI\Rezervation.API.Infrastructure\Rezervation.API.Infrastructure.csproj", "{DE78749E-4AAC-4C10-AD8B-DF5DD2E04F47}"
EndProject
Project("{FAE04EC0-301F-11D3-BF4B-00C04F79EFBC}") = "RezervationAPI.Models", "Services\RestAPI\RezervationAPI.Models\RezervationAPI.Models.csproj", "{1B844B07-A7D9-4839-B2CA-7389AAF4F95B}"
EndProject
Project("{FAE04EC0-301F-11D3-BF4B-00C04F79EFBC}") = "RezervationAPI.Service", "Services\RestAPI\RezervationAPI.Service\RezervationAPI.Service.csproj", "{30EE478D-5EB5-4958-93C9-B0E47947884B}"
EndProject
Global
	GlobalSection(SolutionConfigurationPlatforms) = preSolution
		Debug|Any CPU = Debug|Any CPU
		Release|Any CPU = Release|Any CPU
	EndGlobalSection
	GlobalSection(ProjectConfigurationPlatforms) = postSolution
		{A4FCBF35-52CE-4D71-95CE-699910BCE05B}.Debug|Any CPU.ActiveCfg = Debug|Any CPU
		{A4FCBF35-52CE-4D71-95CE-699910BCE05B}.Debug|Any CPU.Build.0 = Debug|Any CPU
		{A4FCBF35-52CE-4D71-95CE-699910BCE05B}.Release|Any CPU.ActiveCfg = Release|Any CPU
		{A4FCBF35-52CE-4D71-95CE-699910BCE05B}.Release|Any CPU.Build.0 = Release|Any CPU
		{19FE5ED9-2D4C-4D52-B4EC-2C78ED4D0008}.Debug|Any CPU.ActiveCfg = Debug|Any CPU
		{19FE5ED9-2D4C-4D52-B4EC-2C78ED4D0008}.Debug|Any CPU.Build.0 = Debug|Any CPU
		{19FE5ED9-2D4C-4D52-B4EC-2C78ED4D0008}.Release|Any CPU.ActiveCfg = Release|Any CPU
		{19FE5ED9-2D4C-4D52-B4EC-2C78ED4D0008}.Release|Any CPU.Build.0 = Release|Any CPU
		{69B216C3-A50A-4F4D-9BCC-37B092FE8F39}.Debug|Any CPU.ActiveCfg = Debug|Any CPU
		{69B216C3-A50A-4F4D-9BCC-37B092FE8F39}.Debug|Any CPU.Build.0 = Debug|Any CPU
		{69B216C3-A50A-4F4D-9BCC-37B092FE8F39}.Release|Any CPU.ActiveCfg = Release|Any CPU
		{69B216C3-A50A-4F4D-9BCC-37B092FE8F39}.Release|Any CPU.Build.0 = Release|Any CPU
		{FDE2DCC2-9E37-44A0-AD31-9FBBADD0F3B4}.Debug|Any CPU.ActiveCfg = Debug|Any CPU
		{FDE2DCC2-9E37-44A0-AD31-9FBBADD0F3B4}.Debug|Any CPU.Build.0 = Debug|Any CPU
		{FDE2DCC2-9E37-44A0-AD31-9FBBADD0F3B4}.Release|Any CPU.ActiveCfg = Release|Any CPU
		{FDE2DCC2-9E37-44A0-AD31-9FBBADD0F3B4}.Release|Any CPU.Build.0 = Release|Any CPU
		{D9AE1DE4-A3B5-49C9-80BA-80B2F1C33061}.Debug|Any CPU.ActiveCfg = Debug|Any CPU
		{D9AE1DE4-A3B5-49C9-80BA-80B2F1C33061}.Debug|Any CPU.Build.0 = Debug|Any CPU
		{D9AE1DE4-A3B5-49C9-80BA-80B2F1C33061}.Release|Any CPU.ActiveCfg = Release|Any CPU
		{D9AE1DE4-A3B5-49C9-80BA-80B2F1C33061}.Release|Any CPU.Build.0 = Release|Any CPU
		{8CA4D8AC-35C9-442D-8A38-A302EA0414F8}.Debug|Any CPU.ActiveCfg = Debug|Any CPU
		{8CA4D8AC-35C9-442D-8A38-A302EA0414F8}.Debug|Any CPU.Build.0 = Debug|Any CPU
		{8CA4D8AC-35C9-442D-8A38-A302EA0414F8}.Release|Any CPU.ActiveCfg = Release|Any CPU
		{8CA4D8AC-35C9-442D-8A38-A302EA0414F8}.Release|Any CPU.Build.0 = Release|Any CPU
		{DE78749E-4AAC-4C10-AD8B-DF5DD2E04F47}.Debug|Any CPU.ActiveCfg = Debug|Any CPU
		{DE78749E-4AAC-4C10-AD8B-DF5DD2E04F47}.Debug|Any CPU.Build.0 = Debug|Any CPU
		{DE78749E-4AAC-4C10-AD8B-DF5DD2E04F47}.Release|Any CPU.ActiveCfg = Release|Any CPU
		{DE78749E-4AAC-4C10-AD8B-DF5DD2E04F47}.Release|Any CPU.Build.0 = Release|Any CPU
		{1B844B07-A7D9-4839-B2CA-7389AAF4F95B}.Debug|Any CPU.ActiveCfg = Debug|Any CPU
		{1B844B07-A7D9-4839-B2CA-7389AAF4F95B}.Debug|Any CPU.Build.0 = Debug|Any CPU
		{1B844B07-A7D9-4839-B2CA-7389AAF4F95B}.Release|Any CPU.ActiveCfg = Release|Any CPU
		{1B844B07-A7D9-4839-B2CA-7389AAF4F95B}.Release|Any CPU.Build.0 = Release|Any CPU
		{30EE478D-5EB5-4958-93C9-B0E47947884B}.Debug|Any CPU.ActiveCfg = Debug|Any CPU
		{30EE478D-5EB5-4958-93C9-B0E47947884B}.Debug|Any CPU.Build.0 = Debug|Any CPU
		{30EE478D-5EB5-4958-93C9-B0E47947884B}.Release|Any CPU.ActiveCfg = Release|Any CPU
		{30EE478D-5EB5-4958-93C9-B0E47947884B}.Release|Any CPU.Build.0 = Release|Any CPU
	EndGlobalSection
	GlobalSection(SolutionProperties) = preSolution
		HideSolutionNode = FALSE
	EndGlobalSection
	GlobalSection(NestedProjects) = preSolution
		{19FE5ED9-2D4C-4D52-B4EC-2C78ED4D0008} = {A949F85C-CD23-444C-90A2-5178D7CB8694}
		{69B216C3-A50A-4F4D-9BCC-37B092FE8F39} = {C8471F90-68C6-4B2C-B066-63ADE9218BD8}
		{A949F85C-CD23-444C-90A2-5178D7CB8694} = {94E2478D-0857-4139-B284-3BF30AD1E2D8}
		{C8471F90-68C6-4B2C-B066-63ADE9218BD8} = {94E2478D-0857-4139-B284-3BF30AD1E2D8}
		{FDE2DCC2-9E37-44A0-AD31-9FBBADD0F3B4} = {A949F85C-CD23-444C-90A2-5178D7CB8694}
		{D9AE1DE4-A3B5-49C9-80BA-80B2F1C33061} = {A949F85C-CD23-444C-90A2-5178D7CB8694}
		{8CA4D8AC-35C9-442D-8A38-A302EA0414F8} = {A949F85C-CD23-444C-90A2-5178D7CB8694}
		{DE78749E-4AAC-4C10-AD8B-DF5DD2E04F47} = {C8471F90-68C6-4B2C-B066-63ADE9218BD8}
		{1B844B07-A7D9-4839-B2CA-7389AAF4F95B} = {C8471F90-68C6-4B2C-B066-63ADE9218BD8}
		{30EE478D-5EB5-4958-93C9-B0E47947884B} = {C8471F90-68C6-4B2C-B066-63ADE9218BD8}
	EndGlobalSection
EndGlobal
